
Microsoft Visual Studio Solution File, Format Version 12.00
# Visual Studio Version 16
VisualStudioVersion = 16.0.30621.155
MinimumVisualStudioVersion = 10.0.40219.1
Project("{FAE04EC0-301F-11D3-BF4B-00C04F79EFBC}") = "TextAnalytics", "TextAnalytics\TextAnalytics.csproj", "{DEA57019-7C37-49ED-B48B-89AF38E64237}"
EndProject
Global
	GlobalSection(SolutionConfigurationPlatforms) = preSolution
		Debug|Any CPU = Debug|Any CPU
		Release|Any CPU = Release|Any CPU
	EndGlobalSection
	GlobalSection(ProjectConfigurationPlatforms) = postSolution
		{DEA57019-7C37-49ED-B48B-89AF38E64237}.Debug|Any CPU.ActiveCfg = Debug|Any CPU
		{DEA57019-7C37-49ED-B48B-89AF38E64237}.Debug|Any CPU.Build.0 = Debug|Any CPU
		{DEA57019-7C37-49ED-B48B-89AF38E64237}.Release|Any CPU.ActiveCfg = Release|Any CPU
		{DEA57019-7C37-49ED-B48B-89AF38E64237}.Release|Any CPU.Build.0 = Release|Any CPU
	EndGlobalSection
	GlobalSection(SolutionProperties) = preSolution
		HideSolutionNode = FALSE
	EndGlobalSection
	GlobalSection(ExtensibilityGlobals) = postSolution
		SolutionGuid = {DE7E2AED-656E-4685-9704-1F4CB50E39D0}
	EndGlobalSection
EndGlobal
